
Microsoft Visual Studio Solution File, Format Version 12.00
# Visual Studio 15
VisualStudioVersion = 15.0.28307.136
MinimumVisualStudioVersion = 10.0.40219.1
Project("{FAE04EC0-301F-11D3-BF4B-00C04F79EFBC}") = "WCFServer", "WCFServer\WCFServer.csproj", "{B821D1FF-D183-4669-B963-3F8E7955FE81}"
EndProject
Project("{FAE04EC0-301F-11D3-BF4B-00C04F79EFBC}") = "WCFClient", "WCFClient\WCFClient.csproj", "{0D1C33EC-34DE-4299-9B96-4A1692FE1596}"
EndProject
Global
	GlobalSection(SolutionConfigurationPlatforms) = preSolution
		Debug|Any CPU = Debug|Any CPU
		Release|Any CPU = Release|Any CPU
	EndGlobalSection
	GlobalSection(ProjectConfigurationPlatforms) = postSolution
		{B821D1FF-D183-4669-B963-3F8E7955FE81}.Debug|Any CPU.ActiveCfg = Debug|Any CPU
		{B821D1FF-D183-4669-B963-3F8E7955FE81}.Debug|Any CPU.Build.0 = Debug|Any CPU
		{B821D1FF-D183-4669-B963-3F8E7955FE81}.Release|Any CPU.ActiveCfg = Release|Any CPU
		{B821D1FF-D183-4669-B963-3F8E7955FE81}.Release|Any CPU.Build.0 = Release|Any CPU
		{0D1C33EC-34DE-4299-9B96-4A1692FE1596}.Debug|Any CPU.ActiveCfg = Debug|Any CPU
		{0D1C33EC-34DE-4299-9B96-4A1692FE1596}.Debug|Any CPU.Build.0 = Debug|Any CPU
		{0D1C33EC-34DE-4299-9B96-4A1692FE1596}.Release|Any CPU.ActiveCfg = Release|Any CPU
		{0D1C33EC-34DE-4299-9B96-4A1692FE1596}.Release|Any CPU.Build.0 = Release|Any CPU
	EndGlobalSection
	GlobalSection(SolutionProperties) = preSolution
		HideSolutionNode = FALSE
	EndGlobalSection
	GlobalSection(ExtensibilityGlobals) = postSolution
		SolutionGuid = {83865F59-F141-4CB7-AB83-F9E9F64A6A34}
	EndGlobalSection
EndGlobal
